
Microsoft Visual Studio Solution File, Format Version 12.00
# Visual Studio Version 16
VisualStudioVersion = 16.0.32228.343
MinimumVisualStudioVersion = 10.0.40219.1
Project("{8BC9CEB8-8B4A-11D0-8D11-00A0C91BC942}") = "FactoryData", "FactoryData\FactoryData.vcxproj", "{E969ABA3-D96E-446D-BDCD-6781FE90EEE3}"
EndProject
Project("{54435603-DBB4-11D2-8724-00A0C9A8B90C}") = "Setup", "Setup\Setup.vdproj", "{637D77F2-F1C6-4F4A-B8E6-0B8DCDFB4AC7}"
EndProject
Global
	GlobalSection(SolutionConfigurationPlatforms) = preSolution
		Debug|x64 = Debug|x64
		Debug|x86 = Debug|x86
		Release|x64 = Release|x64
		Release|x86 = Release|x86
	EndGlobalSection
	GlobalSection(ProjectConfigurationPlatforms) = postSolution
		{E969ABA3-D96E-446D-BDCD-6781FE90EEE3}.Debug|x64.ActiveCfg = Debug|x64
		{E969ABA3-D96E-446D-BDCD-6781FE90EEE3}.Debug|x64.Build.0 = Debug|x64
		{E969ABA3-D96E-446D-BDCD-6781FE90EEE3}.Debug|x86.ActiveCfg = Debug|Win32
		{E969ABA3-D96E-446D-BDCD-6781FE90EEE3}.Debug|x86.Build.0 = Debug|Win32
		{E969ABA3-D96E-446D-BDCD-6781FE90EEE3}.Release|x64.ActiveCfg = Release|x64
		{E969ABA3-D96E-446D-BDCD-6781FE90EEE3}.Release|x64.Build.0 = Release|x64
		{E969ABA3-D96E-446D-BDCD-6781FE90EEE3}.Release|x86.ActiveCfg = Release|Win32
		{E969ABA3-D96E-446D-BDCD-6781FE90EEE3}.Release|x86.Build.0 = Release|Win32
		{637D77F2-F1C6-4F4A-B8E6-0B8DCDFB4AC7}.Debug|x64.ActiveCfg = Debug
		{637D77F2-F1C6-4F4A-B8E6-0B8DCDFB4AC7}.Debug|x86.ActiveCfg = Debug
		{637D77F2-F1C6-4F4A-B8E6-0B8DCDFB4AC7}.Release|x64.ActiveCfg = Release
		{637D77F2-F1C6-4F4A-B8E6-0B8DCDFB4AC7}.Release|x86.ActiveCfg = Release
	EndGlobalSection
	GlobalSection(SolutionProperties) = preSolution
		HideSolutionNode = FALSE
	EndGlobalSection
	GlobalSection(ExtensibilityGlobals) = postSolution
		SolutionGuid = {FC795362-96BD-4124-B9A5-C83902FF634F}
	EndGlobalSection
EndGlobal
